dependencies:
- name: falcon-sensor
  repository: file://../falcon-sensor
  version: 1.36.0
- name: falcon-kac
  repository: file://../falcon-kac
  version: 1.6.0
- name: falcon-image-analyzer
  repository: file://../falcon-image-analyzer
  version: 1.1.21
digest: sha256:03ecf92048161d9348dee071f7e64d8399140fb915a4d03738dac7a4a33f3cea
generated: "2026-06-10T07:29:50.844508-05:00"
