dependencies:
- name: falcon-sensor
  repository: file://../falcon-sensor
  version: 1.37.0
- name: falcon-kac
  repository: file://../falcon-kac
  version: 1.7.0
- name: falcon-image-analyzer
  repository: file://../falcon-image-analyzer
  version: 1.2.0
digest: sha256:9b0b85e27311b627745b32465959e0167a8a0e6890fc2e2b8ed297f1c66bd2d9
generated: "2026-08-11T15:09:24.017559-04:00"
