dependencies:
- name: falcon-sensor
  repository: file://../falcon-sensor
  version: 1.34.1-rc
- name: falcon-kac
  repository: file://../falcon-kac
  version: 1.5.1-rc
- name: falcon-image-analyzer
  repository: file://../falcon-image-analyzer
  version: 1.1.16-rc
digest: sha256:18c10544f61e5fa8eef945bbef037408adcb8bb9901549d2aac5700a8b717fc3
generated: "2025-09-15T20:09:43.844742-04:00"
